
Microsoft Visual Studio Solution File, Format Version 12.00
# Visual Studio Version 17
VisualStudioVersion = 17.9.34607.119
MinimumVisualStudioVersion = 10.0.40219.1
Project("{9A19103F-16F7-4668-BE54-9A1E7A4F7556}") = "PlayGround", "PlayGround\PlayGround.csproj", "{18253E63-206D-4EE9-B469-5FFFFE3E5D17}"
	ProjectSection(ProjectDependencies) = postProject
		{EE4439FE-E81D-4ABC-83E0-7CBD40D3FDE6} = {EE4439FE-E81D-4ABC-83E0-7CBD40D3FDE6}
	EndProjectSection
EndProject
Project("{9A19103F-16F7-4668-BE54-9A1E7A4F7556}") = "BFF", "BFF\BFF.csproj", "{EE4439FE-E81D-4ABC-83E0-7CBD40D3FDE6}"
EndProject
Global
	GlobalSection(SolutionConfigurationPlatforms) = preSolution
		Debug|Any CPU = Debug|Any CPU
		Release|Any CPU = Release|Any CPU
	EndGlobalSection
	GlobalSection(ProjectConfigurationPlatforms) = postSolution
		{18253E63-206D-4EE9-B469-5FFFFE3E5D17}.Debug|Any CPU.ActiveCfg = Debug|Any CPU
		{18253E63-206D-4EE9-B469-5FFFFE3E5D17}.Debug|Any CPU.Build.0 = Debug|Any CPU
		{18253E63-206D-4EE9-B469-5FFFFE3E5D17}.Release|Any CPU.ActiveCfg = Release|Any CPU
		{18253E63-206D-4EE9-B469-5FFFFE3E5D17}.Release|Any CPU.Build.0 = Release|Any CPU
		{EE4439FE-E81D-4ABC-83E0-7CBD40D3FDE6}.Debug|Any CPU.ActiveCfg = Debug|Any CPU
		{EE4439FE-E81D-4ABC-83E0-7CBD40D3FDE6}.Debug|Any CPU.Build.0 = Debug|Any CPU
		{EE4439FE-E81D-4ABC-83E0-7CBD40D3FDE6}.Release|Any CPU.ActiveCfg = Release|Any CPU
		{EE4439FE-E81D-4ABC-83E0-7CBD40D3FDE6}.Release|Any CPU.Build.0 = Release|Any CPU
	EndGlobalSection
	GlobalSection(SolutionProperties) = preSolution
		HideSolutionNode = FALSE
	EndGlobalSection
	GlobalSection(ExtensibilityGlobals) = postSolution
		SolutionGuid = {39B69233-29A5-42E0-949B-D3CCEE787BB7}
	EndGlobalSection
EndGlobal
